// !$*UTF8*$!
{
	archiveVersion = 1;
	classes = {
	};
	objectVersion = 48;
	objects = {

/* Begin PBXBuildFile section */
		0C5EF83980B9A22330F5C5C5 /* Pods_Travel_ArchitectTests.framework in Frameworks */ = {isa = PBXBuildFile; fileRef = 35A9A962B447218B34185B36 /* Pods_Travel_ArchitectTests.framework */; };
		A1C510034B00D6A70A0985A8 /* Pods_Travel_ArchitectUITests.framework in Frameworks */ = {isa = PBXBuildFile; fileRef = D09B235037A8DC8C36FCBECF /* Pods_Travel_ArchitectUITests.framework */; };
		BD6E733518450AAA18397430 /* Pods_Travel_Architect.framework in Frameworks */ = {isa = PBXBuildFile; fileRef = A6ED70325B2B993E10B871E8 /* Pods_Travel_Architect.framework */; };
		EB7398441F8DDEAD0003B60D /* AppDelegate.swift in Sources */ = {isa = PBXBuildFile; fileRef = EB7398431F8DDEAD0003B60D /* AppDelegate.swift */; };
		EB7398461F8DDEAD0003B60D /* ViewController.swift in Sources */ = {isa = PBXBuildFile; fileRef = EB7398451F8DDEAD0003B60D /* ViewController.swift */; };
		EB7398491F8DDEAD0003B60D /* Main.storyboard in Resources */ = {isa = PBXBuildFile; fileRef = EB7398471F8DDEAD0003B60D /* Main.storyboard */; };
		EB73984C1F8DDEAD0003B60D /* Travel_Architect.xcdatamodeld in Sources */ = {isa = PBXBuildFile; fileRef = EB73984A1F8DDEAD0003B60D /* Travel_Architect.xcdatamodeld */; };
		EB73984E1F8DDEAD0003B60D /* Assets.xcassets in Resources */ = {isa = PBXBuildFile; fileRef = EB73984D1F8DDEAD0003B60D /* Assets.xcassets */; };
		EB7398511F8DDEAD0003B60D /* LaunchScreen.storyboard in Resources */ = {isa = PBXBuildFile; fileRef = EB73984F1F8DDEAD0003B60D /* LaunchScreen.storyboard */; };
		EB73985C1F8DDEAD0003B60D /* Travel_ArchitectTests.swift in Sources */ = {isa = PBXBuildFile; fileRef = EB73985B1F8DDEAD0003B60D /* Travel_ArchitectTests.swift */; };
		EB7398671F8DDEAD0003B60D /* Travel_ArchitectUITests.swift in Sources */ = {isa = PBXBuildFile; fileRef = EB7398661F8DDEAD0003B60D /* Travel_ArchitectUITests.swift */; };
/* End PBXBuildFile section */

/* Begin PBXContainerItemProxy section */
		EB7398581F8DDEAD0003B60D /* PBXContainerItemProxy */ = {
			isa = PBXContainerItemProxy;
			containerPortal = EB7398381F8DDEAD0003B60D /* Project object */;
			proxyType = 1;
			remoteGlobalIDString = EB73983F1F8DDEAD0003B60D;
			remoteInfo = "Travel Architect";
		};
		EB7398631F8DDEAD0003B60D /* PBXContainerItemProxy */ = {
			isa = PBXContainerItemProxy;
			containerPortal = EB7398381F8DDEAD0003B60D /* Project object */;
			proxyType = 1;
			remoteGlobalIDString = EB73983F1F8DDEAD0003B60D;
			remoteInfo = "Travel Architect";
		};
/* End PBXContainerItemProxy section */

/* Begin PBXFileReference section */
		0D1C9F3759A01A45DA92D05C /* Pods-Travel ArchitectUITests.release.xcconfig */ = {isa = PBXFileReference; includeInIndex = 1; lastKnownFileType = text.xcconfig; name = "Pods-Travel ArchitectUITests.release.xcconfig"; path = "Pods/Target Support Files/Pods-Travel ArchitectUITests/Pods-Travel ArchitectUITests.release.xcconfig"; sourceTree = "<group>"; };
		2BFED97400BAD5C9B23156A5 /* Pods-Travel ArchitectTests.debug.xcconfig */ = {isa = PBXFileReference; includeInIndex = 1; lastKnownFileType = text.xcconfig; name = "Pods-Travel ArchitectTests.debug.xcconfig"; path = "Pods/Target Support Files/Pods-Travel ArchitectTests/Pods-Travel ArchitectTests.debug.xcconfig"; sourceTree = "<group>"; };
		35A9A962B447218B34185B36 /* Pods_Travel_ArchitectTests.framework */ = {isa = PBXFileReference; explicitFileType = wrapper.framework; includeInIndex = 0; path = Pods_Travel_ArchitectTests.framework; sourceTree = BUILT_PRODUCTS_DIR; };
		87277E9D2D0E126B1CB245B1 /* Pods-Travel Architect.release.xcconfig */ = {isa = PBXFileReference; includeInIndex = 1; lastKnownFileType = text.xcconfig; name = "Pods-Travel Architect.release.xcconfig"; path = "Pods/Target Support Files/Pods-Travel Architect/Pods-Travel Architect.release.xcconfig"; sourceTree = "<group>"; };
		8E23B805C2807C4E663085BD /* Pods-Travel ArchitectUITests.debug.xcconfig */ = {isa = PBXFileReference; includeInIndex = 1; lastKnownFileType = text.xcconfig; name = "Pods-Travel ArchitectUITests.debug.xcconfig"; path = "Pods/Target Support Files/Pods-Travel ArchitectUITests/Pods-Travel ArchitectUITests.debug.xcconfig"; sourceTree = "<group>"; };
		A6ED70325B2B993E10B871E8 /* Pods_Travel_Architect.framework */ = {isa = PBXFileReference; explicitFileType = wrapper.framework; includeInIndex = 0; path = Pods_Travel_Architect.framework; sourceTree = BUILT_PRODUCTS_DIR; };
		BEA3191B039904B8A4D3E199 /* Pods-Travel ArchitectTests.release.xcconfig */ = {isa = PBXFileReference; includeInIndex = 1; lastKnownFileType = text.xcconfig; name = "Pods-Travel ArchitectTests.release.xcconfig"; path = "Pods/Target Support Files/Pods-Travel ArchitectTests/Pods-Travel ArchitectTests.release.xcconfig"; sourceTree = "<group>"; };
		CE3049D7B8BBB34E19E3392A /* Pods-Travel Architect.debug.xcconfig */ = {isa = PBXFileReference; includeInIndex = 1; lastKnownFileType = text.xcconfig; name = "Pods-Travel Architect.debug.xcconfig"; path = "Pods/Target Support Files/Pods-Travel Architect/Pods-Travel Architect.debug.xcconfig"; sourceTree = "<group>"; };
		D09B235037A8DC8C36FCBECF /* Pods_Travel_ArchitectUITests.framework */ = {isa = PBXFileReference; explicitFileType = wrapper.framework; includeInIndex = 0; path = Pods_Travel_ArchitectUITests.framework; sourceTree = BUILT_PRODUCTS_DIR; };
		EB7398401F8DDEAD0003B60D /* Travel Architect.app */ = {isa = PBXFileReference; explicitFileType = wrapper.application; includeInIndex = 0; path = "Travel Architect.app"; sourceTree = BUILT_PRODUCTS_DIR; };
		EB7398431F8DDEAD0003B60D /* AppDelegate.swift */ = {isa = PBXFileReference; lastKnownFileType = sourcecode.swift; path = AppDelegate.swift; sourceTree = "<group>"; };
		EB7398451F8DDEAD0003B60D /* ViewController.swift */ = {isa = PBXFileReference; lastKnownFileType = sourcecode.swift; path = ViewController.swift; sourceTree = "<group>"; };
		EB7398481F8DDEAD0003B60D /* Base */ = {isa = PBXFileReference; lastKnownFileType = file.storyboard; name = Base; path = Base.lproj/Main.storyboard; sourceTree = "<group>"; };
		EB73984B1F8DDEAD0003B60D /* Travel_Architect.xcdatamodel */ = {isa = PBXFileReference; lastKnownFileType = wrapper.xcdatamodel; path = Travel_Architect.xcdatamodel; sourceTree = "<group>"; };
		EB73984D1F8DDEAD0003B60D /* Assets.xcassets */ = {isa = PBXFileReference; lastKnownFileType = folder.assetcatalog; path = Assets.xcassets; sourceTree = "<group>"; };
		EB7398501F8DDEAD0003B60D /* Base */ = {isa = PBXFileReference; lastKnownFileType = file.storyboard; name = Base; path = Base.lproj/LaunchScreen.storyboard; sourceTree = "<group>"; };
		EB7398521F8DDEAD0003B60D /* Info.plist */ = {isa = PBXFileReference; lastKnownFileType = text.plist.xml; path = Info.plist; sourceTree = "<group>"; };
		EB7398571F8DDEAD0003B60D /* Travel ArchitectTests.xctest */ = {isa = PBXFileReference; explicitFileType = wrapper.cfbundle; includeInIndex = 0; path = "Travel ArchitectTests.xctest"; sourceTree = BUILT_PRODUCTS_DIR; };
		EB73985B1F8DDEAD0003B60D /* Travel_ArchitectTests.swift */ = {isa = PBXFileReference; lastKnownFileType = sourcecode.swift; path = Travel_ArchitectTests.swift; sourceTree = "<group>"; };
		EB73985D1F8DDEAD0003B60D /* Info.plist */ = {isa = PBXFileReference; lastKnownFileType = text.plist.xml; path = Info.plist; sourceTree = "<group>"; };
		EB7398621F8DDEAD0003B60D /* Travel ArchitectUITests.xctest */ = {isa = PBXFileReference; explicitFileType = wrapper.cfbundle; includeInIndex = 0; path = "Travel ArchitectUITests.xctest"; sourceTree = BUILT_PRODUCTS_DIR; };
		EB7398661F8DDEAD0003B60D /* Travel_ArchitectUITests.swift */ = {isa = PBXFileReference; lastKnownFileType = sourcecode.swift; path = Travel_ArchitectUITests.swift; sourceTree = "<group>"; };
		EB7398681F8DDEAD0003B60D /* Info.plist */ = {isa = PBXFileReference; lastKnownFileType = text.plist.xml; path = Info.plist; sourceTree = "<group>"; };
/* End PBXFileReference section */

/* Begin PBXFrameworksBuildPhase section */
		EB73983D1F8DDEAD0003B60D /* Frameworks */ = {
			isa = PBXFrameworksBuildPhase;
			buildActionMask = 2147483647;
			files = (
				BD6E733518450AAA18397430 /* Pods_Travel_Architect.framework in Frameworks */,
			);
			runOnlyForDeploymentPostprocessing = 0;
		};
		EB7398541F8DDEAD0003B60D /* Frameworks */ = {
			isa = PBXFrameworksBuildPhase;
			buildActionMask = 2147483647;
			files = (
				0C5EF83980B9A22330F5C5C5 /* Pods_Travel_ArchitectTests.framework in Frameworks */,
			);
			runOnlyForDeploymentPostprocessing = 0;
		};
		EB73985F1F8DDEAD0003B60D /* Frameworks */ = {
			isa = PBXFrameworksBuildPhase;
			buildActionMask = 2147483647;
			files = (
				A1C510034B00D6A70A0985A8 /* Pods_Travel_ArchitectUITests.framework in Frameworks */,
			);
			runOnlyForDeploymentPostprocessing = 0;
		};
/* End PBXFrameworksBuildPhase section */

/* Begin PBXGroup section */
		56F536618DE9B0E6F45C5DCF /* Frameworks */ = {
			isa = PBXGroup;
			children = (
				A6ED70325B2B993E10B871E8 /* Pods_Travel_Architect.framework */,
				35A9A962B447218B34185B36 /* Pods_Travel_ArchitectTests.framework */,
				D09B235037A8DC8C36FCBECF /* Pods_Travel_ArchitectUITests.framework */,
			);
			name = Frameworks;
			sourceTree = "<group>";
		};
		87901D81F13D70F3916B8EB4 /* Pods */ = {
			isa = PBXGroup;
			children = (
				CE3049D7B8BBB34E19E3392A /* Pods-Travel Architect.debug.xcconfig */,
				87277E9D2D0E126B1CB245B1 /* Pods-Travel Architect.release.xcconfig */,
				2BFED97400BAD5C9B23156A5 /* Pods-Travel ArchitectTests.debug.xcconfig */,
				BEA3191B039904B8A4D3E199 /* Pods-Travel ArchitectTests.release.xcconfig */,
				8E23B805C2807C4E663085BD /* Pods-Travel ArchitectUITests.debug.xcconfig */,
				0D1C9F3759A01A45DA92D05C /* Pods-Travel ArchitectUITests.release.xcconfig */,
			);
			name = Pods;
			sourceTree = "<group>";
		};
		EB7398371F8DDEAD0003B60D = {
			isa = PBXGroup;
			children = (
				EB7398421F8DDEAD0003B60D /* Travel Architect */,
				EB73985A1F8DDEAD0003B60D /* Travel ArchitectTests */,
				EB7398651F8DDEAD0003B60D /* Travel ArchitectUITests */,
				EB7398411F8DDEAD0003B60D /* Products */,
				87901D81F13D70F3916B8EB4 /* Pods */,
				56F536618DE9B0E6F45C5DCF /* Frameworks */,
			);
			sourceTree = "<group>";
		};
		EB7398411F8DDEAD0003B60D /* Products */ = {
			isa = PBXGroup;
			children = (
				EB7398401F8DDEAD0003B60D /* Travel Architect.app */,
				EB7398571F8DDEAD0003B60D /* Travel ArchitectTests.xctest */,
				EB7398621F8DDEAD0003B60D /* Travel ArchitectUITests.xctest */,
			);
			name = Products;
			sourceTree = "<group>";
		};
		EB7398421F8DDEAD0003B60D /* Travel Architect */ = {
			isa = PBXGroup;
			children = (
				EB7398431F8DDEAD0003B60D /* AppDelegate.swift */,
				EB7398451F8DDEAD0003B60D /* ViewController.swift */,
				EB7398471F8DDEAD0003B60D /* Main.storyboard */,
				EB73984D1F8DDEAD0003B60D /* Assets.xcassets */,
				EB73984F1F8DDEAD0003B60D /* LaunchScreen.storyboard */,
				EB7398521F8DDEAD0003B60D /* Info.plist */,
				EB73984A1F8DDEAD0003B60D /* Travel_Architect.xcdatamodeld */,
			);
			path = "Travel Architect";
			sourceTree = "<group>";
		};
		EB73985A1F8DDEAD0003B60D /* Travel ArchitectTests */ = {
			isa = PBXGroup;
			children = (
				EB73985B1F8DDEAD0003B60D /* Travel_ArchitectTests.swift */,
				EB73985D1F8DDEAD0003B60D /* Info.plist */,
			);
			path = "Travel ArchitectTests";
			sourceTree = "<group>";
		};
		EB7398651F8DDEAD0003B60D /* Travel ArchitectUITests */ = {
			isa = PBXGroup;
			children = (
				EB7398661F8DDEAD0003B60D /* Travel_ArchitectUITests.swift */,
				EB7398681F8DDEAD0003B60D /* Info.plist */,
			);
			path = "Travel ArchitectUITests";
			sourceTree = "<group>";
		};
/* End PBXGroup section */

/* Begin PBXNativeTarget section */
		EB73983F1F8DDEAD0003B60D /* Travel Architect */ = {
			isa = PBXNativeTarget;
			buildConfigurationList = EB73986B1F8DDEAD0003B60D /* Build configuration list for PBXNativeTarget "Travel Architect" */;
			buildPhases = (
				FA8D4E7C4D0F0327838AC81D /* [CP] Check Pods Manifest.lock */,
				EB73983C1F8DDEAD0003B60D /* Sources */,
				EB73983D1F8DDEAD0003B60D /* Frameworks */,
				EB73983E1F8DDEAD0003B60D /* Resources */,
				367070E419EF21384C2A638C /* [CP] Embed Pods Frameworks */,
				158457B694B3E670DE062E4F /* [CP] Copy Pods Resources */,
			);
			buildRules = (
			);
			dependencies = (
			);
			name = "Travel Architect";
			productName = "Travel Architect";
			productReference = EB7398401F8DDEAD0003B60D /* Travel Architect.app */;
			productType = "com.apple.product-type.application";
		};
		EB7398561F8DDEAD0003B60D /* Travel ArchitectTests */ = {
			isa = PBXNativeTarget;
			buildConfigurationList = EB73986E1F8DDEAD0003B60D /* Build configuration list for PBXNativeTarget "Travel ArchitectTests" */;
			buildPhases = (
				3B5A4D138C232BD8DC4ED3B0 /* [CP] Check Pods Manifest.lock */,
				EB7398531F8DDEAD0003B60D /* Sources */,
				EB7398541F8DDEAD0003B60D /* Frameworks */,
				EB7398551F8DDEAD0003B60D /* Resources */,
				46BBE89D07047FCDF8D4845F /* [CP] Embed Pods Frameworks */,
				64CE1C93E1411D27FD3C0648 /* [CP] Copy Pods Resources */,
			);
			buildRules = (
			);
			dependencies = (
				EB7398591F8DDEAD0003B60D /* PBXTargetDependency */,
			);
			name = "Travel ArchitectTests";
			productName = "Travel ArchitectTests";
			productReference = EB7398571F8DDEAD0003B60D /* Travel ArchitectTests.xctest */;
			productType = "com.apple.product-type.bundle.unit-test";
		};
		EB7398611F8DDEAD0003B60D /* Travel ArchitectUITests */ = {
			isa = PBXNativeTarget;
			buildConfigurationList = EB7398711F8DDEAD0003B60D /* Build configuration list for PBXNativeTarget "Travel ArchitectUITests" */;
			buildPhases = (
				889CDE05D6F10F7409A37310 /* [CP] Check Pods Manifest.lock */,
				EB73985E1F8DDEAD0003B60D /* Sources */,
				EB73985F1F8DDEAD0003B60D /* Frameworks */,
				EB7398601F8DDEAD0003B60D /* Resources */,
				DC3853815DBDDCCE13225F70 /* [CP] Embed Pods Frameworks */,
				DC2D349185500F024E9C8082 /* [CP] Copy Pods Resources */,
			);
			buildRules = (
			);
			dependencies = (
				EB7398641F8DDEAD0003B60D /* PBXTargetDependency */,
			);
			name = "Travel ArchitectUITests";
			productName = "Travel ArchitectUITests";
			productReference = EB7398621F8DDEAD0003B60D /* Travel ArchitectUITests.xctest */;
			productType = "com.apple.product-type.bundle.ui-testing";
		};
/* End PBXNativeTarget section */

/* Begin PBXProject section */
		EB7398381F8DDEAD0003B60D /* Project object */ = {
			isa = PBXProject;
			attributes = {
				LastSwiftUpdateCheck = 0900;
				LastUpgradeCheck = 0900;
				ORGANIZATIONNAME = "Ian Zhang";
				TargetAttributes = {
					EB73983F1F8DDEAD0003B60D = {
						CreatedOnToolsVersion = 9.0;
						ProvisioningStyle = Automatic;
					};
					EB7398561F8DDEAD0003B60D = {
						CreatedOnToolsVersion = 9.0;
						ProvisioningStyle = Automatic;
						TestTargetID = EB73983F1F8DDEAD0003B60D;
					};
					EB7398611F8DDEAD0003B60D = {
						CreatedOnToolsVersion = 9.0;
						ProvisioningStyle = Automatic;
						TestTargetID = EB73983F1F8DDEAD0003B60D;
					};
				};
			};
			buildConfigurationList = EB73983B1F8DDEAD0003B60D /* Build configuration list for PBXProject "Travel Architect" */;
			compatibilityVersion = "Xcode 8.0";
			developmentRegion = en;
			hasScannedForEncodings = 0;
			knownRegions = (
				en,
				Base,
			);
			mainGroup = EB7398371F8DDEAD0003B60D;
			productRefGroup = EB7398411F8DDEAD0003B60D /* Products */;
			projectDirPath = "";
			projectRoot = "";
			targets = (
				EB73983F1F8DDEAD0003B60D /* Travel Architect */,
				EB7398561F8DDEAD0003B60D /* Travel ArchitectTests */,
				EB7398611F8DDEAD0003B60D /* Travel ArchitectUITests */,
			);
		};
/* End PBXProject section */

/* Begin PBXResourcesBuildPhase section */
		EB73983E1F8DDEAD0003B60D /* Resources */ = {
			isa = PBXResourcesBuildPhase;
			buildActionMask = 2147483647;
			files = (
				EB7398511F8DDEAD0003B60D /* LaunchScreen.storyboard in Resources */,
				EB73984E1F8DDEAD0003B60D /* Assets.xcassets in Resources */,
				EB7398491F8DDEAD0003B60D /* Main.storyboard in Resources */,
			);
			runOnlyForDeploymentPostprocessing = 0;
		};
		EB7398551F8DDEAD0003B60D /* Resources */ = {
			isa = PBXResourcesBuildPhase;
			buildActionMask = 2147483647;
			files = (
			);
			runOnlyForDeploymentPostprocessing = 0;
		};
		EB7398601F8DDEAD0003B60D /* Resources */ = {
			isa = PBXResourcesBuildPhase;
			buildActionMask = 2147483647;
			files = (
			);
			runOnlyForDeploymentPostprocessing = 0;
		};
/* End PBXResourcesBuildPhase section */

/* Begin PBXShellScriptBuildPhase section */
		158457B694B3E670DE062E4F /* [CP] Copy Pods Resources */ = {
			isa = PBXShellScriptBuildPhase;
			buildActionMask = 2147483647;
			files = (
			);
			inputPaths = (
			);
			name = "[CP] Copy Pods Resources";
			outputPaths = (
			);
			runOnlyForDeploymentPostprocessing = 0;
			shellPath = /bin/sh;
			shellScript = "\"${SRCROOT}/Pods/Target Support Files/Pods-Travel Architect/Pods-Travel Architect-resources.sh\"\n";
			showEnvVarsInLog = 0;
		};
		367070E419EF21384C2A638C /* [CP] Embed Pods Frameworks */ = {
			isa = PBXShellScriptBuildPhase;
			buildActionMask = 2147483647;
			files = (
			);
			inputPaths = (
				"${SRCROOT}/Pods/Target Support Files/Pods-Travel Architect/Pods-Travel Architect-frameworks.sh",
				"${BUILT_PRODUCTS_DIR}/Alamofire/Alamofire.framework",
				"${BUILT_PRODUCTS_DIR}/AlamofireImage/AlamofireImage.framework",
			);
			name = "[CP] Embed Pods Frameworks";
			outputPaths = (
				"${TARGET_BUILD_DIR}/${FRAMEWORKS_FOLDER_PATH}/Alamofire.framework",
				"${TARGET_BUILD_DIR}/${FRAMEWORKS_FOLDER_PATH}/AlamofireImage.framework",
			);
			runOnlyForDeploymentPostprocessing = 0;
			shellPath = /bin/sh;
			shellScript = "\"${SRCROOT}/Pods/Target Support Files/Pods-Travel Architect/Pods-Travel Architect-frameworks.sh\"\n";
			showEnvVarsInLog = 0;
		};
		3B5A4D138C232BD8DC4ED3B0 /* [CP] Check Pods Manifest.lock */ = {
			isa = PBXShellScriptBuildPhase;
			buildActionMask = 2147483647;
			files = (
			);
			inputPaths = (
				"${PODS_PODFILE_DIR_PATH}/Podfile.lock",
				"${PODS_ROOT}/Manifest.lock",
			);
			name = "[CP] Check Pods Manifest.lock";
			outputPaths = (
				"$(DERIVED_FILE_DIR)/Pods-Travel ArchitectTests-checkManifestLockResult.txt",
			);
			runOnlyForDeploymentPostprocessing = 0;
			shellPath = /bin/sh;
			shellScript = "diff \"${PODS_PODFILE_DIR_PATH}/Podfile.lock\" \"${PODS_ROOT}/Manifest.lock\" > /dev/null\nif [ $? != 0 ] ; then\n    # print error to STDERR\n    echo \"error: The sandbox is not in sync with the Podfile.lock. Run 'pod install' or update your CocoaPods installation.\" >&2\n    exit 1\nfi\n# This output is used by Xcode 'outputs' to avoid re-running this script phase.\necho \"SUCCESS\" > \"${SCRIPT_OUTPUT_FILE_0}\"\n";
			showEnvVarsInLog = 0;
		};
		46BBE89D07047FCDF8D4845F /* [CP] Embed Pods Frameworks */ = {
			isa = PBXShellScriptBuildPhase;
			buildActionMask = 2147483647;
			files = (
			);
			inputPaths = (
			);
			name = "[CP] Embed Pods Frameworks";
			outputPaths = (
			);
			runOnlyForDeploymentPostprocessing = 0;
			shellPath = /bin/sh;
			shellScript = "\"${SRCROOT}/Pods/Target Support Files/Pods-Travel ArchitectTests/Pods-Travel ArchitectTests-frameworks.sh\"\n";
			showEnvVarsInLog = 0;
		};
		64CE1C93E1411D27FD3C0648 /* [CP] Copy Pods Resources */ = {
			isa = PBXShellScriptBuildPhase;
			buildActionMask = 2147483647;
			files = (
			);
			inputPaths = (
			);
			name = "[CP] Copy Pods Resources";
			outputPaths = (
			);
			runOnlyForDeploymentPostprocessing = 0;
			shellPath = /bin/sh;
			shellScript = "\"${SRCROOT}/Pods/Target Support Files/Pods-Travel ArchitectTests/Pods-Travel ArchitectTests-resources.sh\"\n";
			showEnvVarsInLog = 0;
		};
		889CDE05D6F10F7409A37310 /* [CP] Check Pods Manifest.lock */ = {
			isa = PBXShellScriptBuildPhase;
			buildActionMask = 2147483647;
			files = (
			);
			inputPaths = (
				"${PODS_PODFILE_DIR_PATH}/Podfile.lock",
				"${PODS_ROOT}/Manifest.lock",
			);
			name = "[CP] Check Pods Manifest.lock";
			outputPaths = (
				"$(DERIVED_FILE_DIR)/Pods-Travel ArchitectUITests-checkManifestLockResult.txt",
			);
			runOnlyForDeploymentPostprocessing = 0;
			shellPath = /bin/sh;
			shellScript = "diff \"${PODS_PODFILE_DIR_PATH}/Podfile.lock\" \"${PODS_ROOT}/Manifest.lock\" > /dev/null\nif [ $? != 0 ] ; then\n    # print error to STDERR\n    echo \"error: The sandbox is not in sync with the Podfile.lock. Run 'pod install' or update your CocoaPods installation.\" >&2\n    exit 1\nfi\n# This output is used by Xcode 'outputs' to avoid re-running this script phase.\necho \"SUCCESS\" > \"${SCRIPT_OUTPUT_FILE_0}\"\n";
			showEnvVarsInLog = 0;
		};
		DC2D349185500F024E9C8082 /* [CP] Copy Pods Resources */ = {
			isa = PBXShellScriptBuildPhase;
			buildActionMask = 2147483647;
			files = (
			);
			inputPaths = (
			);
			name = "[CP] Copy Pods Resources";
			outputPaths = (
			);
			runOnlyForDeploymentPostprocessing = 0;
			shellPath = /bin/sh;
			shellScript = "\"${SRCROOT}/Pods/Target Support Files/Pods-Travel ArchitectUITests/Pods-Travel ArchitectUITests-resources.sh\"\n";
			showEnvVarsInLog = 0;
		};
		DC3853815DBDDCCE13225F70 /* [CP] Embed Pods Frameworks */ = {
			isa = PBXShellScriptBuildPhase;
			buildActionMask = 2147483647;
			files = (
			);
			inputPaths = (
			);
			name = "[CP] Embed Pods Frameworks";
			outputPaths = (
			);
			runOnlyForDeploymentPostprocessing = 0;
			shellPath = /bin/sh;
			shellScript = "\"${SRCROOT}/Pods/Target Support Files/Pods-Travel ArchitectUITests/Pods-Travel ArchitectUITests-frameworks.sh\"\n";
			showEnvVarsInLog = 0;
		};
		FA8D4E7C4D0F0327838AC81D /* [CP] Check Pods Manifest.lock */ = {
			isa = PBXShellScriptBuildPhase;
			buildActionMask = 2147483647;
			files = (
			);
			inputPaths = (
				"${PODS_PODFILE_DIR_PATH}/Podfile.lock",
				"${PODS_ROOT}/Manifest.lock",
			);
			name = "[CP] Check Pods Manifest.lock";
			outputPaths = (
				"$(DERIVED_FILE_DIR)/Pods-Travel Architect-checkManifestLockResult.txt",
			);
			runOnlyForDeploymentPostprocessing = 0;
			shellPath = /bin/sh;
			shellScript = "diff \"${PODS_PODFILE_DIR_PATH}/Podfile.lock\" \"${PODS_ROOT}/Manifest.lock\" > /dev/null\nif [ $? != 0 ] ; then\n    # print error to STDERR\n    echo \"error: The sandbox is not in sync with the Podfile.lock. Run 'pod install' or update your CocoaPods installation.\" >&2\n    exit 1\nfi\n# This output is used by Xcode 'outputs' to avoid re-running this script phase.\necho \"SUCCESS\" > \"${SCRIPT_OUTPUT_FILE_0}\"\n";
			showEnvVarsInLog = 0;
		};
/* End PBXShellScriptBuildPhase section */

/* Begin PBXSourcesBuildPhase section */
		EB73983C1F8DDEAD0003B60D /* Sources */ = {
			isa = PBXSourcesBuildPhase;
			buildActionMask = 2147483647;
			files = (
				EB7398461F8DDEAD0003B60D /* ViewController.swift in Sources */,
				EB7398441F8DDEAD0003B60D /* AppDelegate.swift in Sources */,
				EB73984C1F8DDEAD0003B60D /* Travel_Architect.xcdatamodeld in Sources */,
			);
			runOnlyForDeploymentPostprocessing = 0;
		};
		EB7398531F8DDEAD0003B60D /* Sources */ = {
			isa = PBXSourcesBuildPhase;
			buildActionMask = 2147483647;
			files = (
				EB73985C1F8DDEAD0003B60D /* Travel_ArchitectTests.swift in Sources */,
			);
			runOnlyForDeploymentPostprocessing = 0;
		};
		EB73985E1F8DDEAD0003B60D /* Sources */ = {
			isa = PBXSourcesBuildPhase;
			buildActionMask = 2147483647;
			files = (
				EB7398671F8DDEAD0003B60D /* Travel_ArchitectUITests.swift in Sources */,
			);
			runOnlyForDeploymentPostprocessing = 0;
		};
/* End PBXSourcesBuildPhase section */

/* Begin PBXTargetDependency section */
		EB7398591F8DDEAD0003B60D /* PBXTargetDependency */ = {
			isa = PBXTargetDependency;
			target = EB73983F1F8DDEAD0003B60D /* Travel Architect */;
			targetProxy = EB7398581F8DDEAD0003B60D /* PBXContainerItemProxy */;
		};
		EB7398641F8DDEAD0003B60D /* PBXTargetDependency */ = {
			isa = PBXTargetDependency;
			target = EB73983F1F8DDEAD0003B60D /* Travel Architect */;
			targetProxy = EB7398631F8DDEAD0003B60D /* PBXContainerItemProxy */;
		};
/* End PBXTargetDependency section */

/* Begin PBXVariantGroup section */
		EB7398471F8DDEAD0003B60D /* Main.storyboard */ = {
			isa = PBXVariantGroup;
			children = (
				EB7398481F8DDEAD0003B60D /* Base */,
			);
			name = Main.storyboard;
			sourceTree = "<group>";
		};
		EB73984F1F8DDEAD0003B60D /* LaunchScreen.storyboard */ = {
			isa = PBXVariantGroup;
			children = (
				EB7398501F8DDEAD0003B60D /* Base */,
			);
			name = LaunchScreen.storyboard;
			sourceTree = "<group>";
		};
/* End PBXVariantGroup section */

/* Begin XCBuildConfiguration section */
		EB7398691F8DDEAD0003B60D /* Debug */ = {
			isa = XCBuildConfiguration;
			buildSettings = {
				ALWAYS_SEARCH_USER_PATHS = NO;
				CLANG_ANALYZER_NONNULL = YES;
				CLANG_ANALYZER_NUMBER_OBJECT_CONVERSION = YES_AGGRESSIVE;
				CLANG_CXX_LANGUAGE_STANDARD = "gnu++14";
				CLANG_CXX_LIBRARY = "libc++";
				CLANG_ENABLE_MODULES = YES;
				CLANG_ENABLE_OBJC_ARC = YES;
				CLANG_WARN_BLOCK_CAPTURE_AUTORELEASING = YES;
				CLANG_WARN_BOOL_CONVERSION = YES;
				CLANG_WARN_COMMA = YES;
				CLANG_WARN_CONSTANT_CONVERSION = YES;
				CLANG_WARN_DIRECT_OBJC_ISA_USAGE = YES_ERROR;
				CLANG_WARN_DOCUMENTATION_COMMENTS = YES;
				CLANG_WARN_EMPTY_BODY = YES;
				CLANG_WARN_ENUM_CONVERSION = YES;
				CLANG_WARN_INFINITE_RECURSION = YES;
				CLANG_WARN_INT_CONVERSION = YES;
				CLANG_WARN_NON_LITERAL_NULL_CONVERSION = YES;
				CLANG_WARN_OBJC_LITERAL_CONVERSION = YES;
				CLANG_WARN_OBJC_ROOT_CLASS = YES_ERROR;
				CLANG_WARN_RANGE_LOOP_ANALYSIS = YES;
				CLANG_WARN_STRICT_PROTOTYPES = YES;
				CLANG_WARN_SUSPICIOUS_MOVE = YES;
				CLANG_WARN_UNGUARDED_AVAILABILITY = YES_AGGRESSIVE;
				CLANG_WARN_UNREACHABLE_CODE = YES;
				CLANG_WARN__DUPLICATE_METHOD_MATCH = YES;
				CODE_SIGN_IDENTITY = "iPhone Developer";
				COPY_PHASE_STRIP = NO;
				DEBUG_INFORMATION_FORMAT = dwarf;
				ENABLE_STRICT_OBJC_MSGSEND = YES;
				ENABLE_TESTABILITY = YES;
				GCC_C_LANGUAGE_STANDARD = gnu11;
				GCC_DYNAMIC_NO_PIC = NO;
				GCC_NO_COMMON_BLOCKS = YES;
				GCC_OPTIMIZATION_LEVEL = 0;
				GCC_PREPROCESSOR_DEFINITIONS = (
					"DEBUG=1",
					"$(inherited)",
				);
				GCC_WARN_64_TO_32_BIT_CONVERSION = YES;
				GCC_WARN_ABOUT_RETURN_TYPE = YES_ERROR;
				GCC_WARN_UNDECLARED_SELECTOR = YES;
				GCC_WARN_UNINITIALIZED_AUTOS = YES_AGGRESSIVE;
				GCC_WARN_UNUSED_FUNCTION = YES;
				GCC_WARN_UNUSED_VARIABLE = YES;
				IPHONEOS_DEPLOYMENT_TARGET = 11.0;
				MTL_ENABLE_DEBUG_INFO = YES;
				ONLY_ACTIVE_ARCH = YES;
				SDKROOT = iphoneos;
				SWIFT_ACTIVE_COMPILATION_CONDITIONS = DEBUG;
				SWIFT_OPTIMIZATION_LEVEL = "-Onone";
			};
			name = Debug;
		};
		EB73986A1F8DDEAD0003B60D /* Release */ = {
			isa = XCBuildConfiguration;
			buildSettings = {
				ALWAYS_SEARCH_USER_PATHS = NO;
				CLANG_ANALYZER_NONNULL = YES;
				CLANG_ANALYZER_NUMBER_OBJECT_CONVERSION = YES_AGGRESSIVE;
				CLANG_CXX_LANGUAGE_STANDARD = "gnu++14";
				CLANG_CXX_LIBRARY = "libc++";
				CLANG_ENABLE_MODULES = YES;
				CLANG_ENABLE_OBJC_ARC = YES;
				CLANG_WARN_BLOCK_CAPTURE_AUTORELEASING = YES;
				CLANG_WARN_BOOL_CONVERSION = YES;
				CLANG_WARN_COMMA = YES;
				CLANG_WARN_CONSTANT_CONVERSION = YES;
				CLANG_WARN_DIRECT_OBJC_ISA_USAGE = YES_ERROR;
				CLANG_WARN_DOCUMENTATION_COMMENTS = YES;
				CLANG_WARN_EMPTY_BODY = YES;
				CLANG_WARN_ENUM_CONVERSION = YES;
				CLANG_WARN_INFINITE_RECURSION = YES;
				CLANG_WARN_INT_CONVERSION = YES;
				CLANG_WARN_NON_LITERAL_NULL_CONVERSION = YES;
				CLANG_WARN_OBJC_LITERAL_CONVERSION = YES;
				CLANG_WARN_OBJC_ROOT_CLASS = YES_ERROR;
				CLANG_WARN_RANGE_LOOP_ANALYSIS = YES;
				CLANG_WARN_STRICT_PROTOTYPES = YES;
				CLANG_WARN_SUSPICIOUS_MOVE = YES;
				CLANG_WARN_UNGUARDED_AVAILABILITY = YES_AGGRESSIVE;
				CLANG_WARN_UNREACHABLE_CODE = YES;
				CLANG_WARN__DUPLICATE_METHOD_MATCH = YES;
				CODE_SIGN_IDENTITY = "iPhone Developer";
				COPY_PHASE_STRIP = NO;
				DEBUG_INFORMATION_FORMAT = "dwarf-with-dsym";
				ENABLE_NS_ASSERTIONS = NO;
				ENABLE_STRICT_OBJC_MSGSEND = YES;
				GCC_C_LANGUAGE_STANDARD = gnu11;
				GCC_NO_COMMON_BLOCKS = YES;
				GCC_WARN_64_TO_32_BIT_CONVERSION = YES;
				GCC_WARN_ABOUT_RETURN_TYPE = YES_ERROR;
				GCC_WARN_UNDECLARED_SELECTOR = YES;
				GCC_WARN_UNINITIALIZED_AUTOS = YES_AGGRESSIVE;
				GCC_WARN_UNUSED_FUNCTION = YES;
				GCC_WARN_UNUSED_VARIABLE = YES;
				IPHONEOS_DEPLOYMENT_TARGET = 11.0;
				MTL_ENABLE_DEBUG_INFO = NO;
				SDKROOT = iphoneos;
				SWIFT_OPTIMIZATION_LEVEL = "-Owholemodule";
				VALIDATE_PRODUCT = YES;
			};
			name = Release;
		};
		EB73986C1F8DDEAD0003B60D /* Debug */ = {
			isa = XCBuildConfiguration;
			baseConfigurationReference = CE3049D7B8BBB34E19E3392A /* Pods-Travel Architect.debug.xcconfig */;
			buildSettings = {
				ASSETCATALOG_COMPILER_APPICON_NAME = AppIcon;
				CODE_SIGN_STYLE = Automatic;
				DEVELOPMENT_TEAM = 5R2V62Z3AU;
				INFOPLIST_FILE = "Travel Architect/Info.plist";
				LD_RUNPATH_SEARCH_PATHS = "$(inherited) @executable_path/Frameworks";
				PRODUCT_BUNDLE_IDENTIFIER = "travel-architect.Travel-Architect";
				PRODUCT_NAME = "$(TARGET_NAME)";
				SWIFT_VERSION = 4.0;
				TARGETED_DEVICE_FAMILY = "1,2";
			};
			name = Debug;
		};
		EB73986D1F8DDEAD0003B60D /* Release */ = {
			isa = XCBuildConfiguration;
			baseConfigurationReference = 87277E9D2D0E126B1CB245B1 /* Pods-Travel Architect.release.xcconfig */;
			buildSettings = {
				ASSETCATALOG_COMPILER_APPICON_NAME = AppIcon;
				CODE_SIGN_STYLE = Automatic;
				DEVELOPMENT_TEAM = 5R2V62Z3AU;
				INFOPLIST_FILE = "Travel Architect/Info.plist";
				LD_RUNPATH_SEARCH_PATHS = "$(inherited) @executable_path/Frameworks";
				PRODUCT_BUNDLE_IDENTIFIER = "travel-architect.Travel-Architect";
				PRODUCT_NAME = "$(TARGET_NAME)";
				SWIFT_VERSION = 4.0;
				TARGETED_DEVICE_FAMILY = "1,2";
			};
			name = Release;
		};
		EB73986F1F8DDEAD0003B60D /* Debug */ = {
			isa = XCBuildConfiguration;
			baseConfigurationReference = 2BFED97400BAD5C9B23156A5 /* Pods-Travel ArchitectTests.debug.xcconfig */;
			buildSettings = {
				ALWAYS_EMBED_SWIFT_STANDARD_LIBRARIES = YES;
				BUNDLE_LOADER = "$(TEST_HOST)";
				CODE_SIGN_STYLE = Automatic;
				DEVELOPMENT_TEAM = 5R2V62Z3AU;
				INFOPLIST_FILE = "Travel ArchitectTests/Info.plist";
				LD_RUNPATH_SEARCH_PATHS = "$(inherited) @executable_path/Frameworks @loader_path/Frameworks";
				PRODUCT_BUNDLE_IDENTIFIER = "travel-architect.Travel-ArchitectTests";
				PRODUCT_NAME = "$(TARGET_NAME)";
				SWIFT_VERSION = 4.0;
				TARGETED_DEVICE_FAMILY = "1,2";
				TEST_HOST = "$(BUILT_PRODUCTS_DIR)/Travel Architect.app/Travel Architect";
			};
			name = Debug;
		};
		EB7398701F8DDEAD0003B60D /* Release */ = {
			isa = XCBuildConfiguration;
			baseConfigurationReference = BEA3191B039904B8A4D3E199 /* Pods-Travel ArchitectTests.release.xcconfig */;
			buildSettings = {
				ALWAYS_EMBED_SWIFT_STANDARD_LIBRARIES = YES;
				BUNDLE_LOADER = "$(TEST_HOST)";
				CODE_SIGN_STYLE = Automatic;
				DEVELOPMENT_TEAM = 5R2V62Z3AU;
				INFOPLIST_FILE = "Travel ArchitectTests/Info.plist";
				LD_RUNPATH_SEARCH_PATHS = "$(inherited) @executable_path/Frameworks @loader_path/Frameworks";
				PRODUCT_BUNDLE_IDENTIFIER = "travel-architect.Travel-ArchitectTests";
				PRODUCT_NAME = "$(TARGET_NAME)";
				SWIFT_VERSION = 4.0;
				TARGETED_DEVICE_FAMILY = "1,2";
				TEST_HOST = "$(BUILT_PRODUCTS_DIR)/Travel Architect.app/Travel Architect";
			};
			name = Release;
		};
		EB7398721F8DDEAD0003B60D /* Debug */ = {
			isa = XCBuildConfiguration;
			baseConfigurationReference = 8E23B805C2807C4E663085BD /* Pods-Travel ArchitectUITests.debug.xcconfig */;
			buildSettings = {
				ALWAYS_EMBED_SWIFT_STANDARD_LIBRARIES = YES;
				CODE_SIGN_STYLE = Automatic;
				DEVELOPMENT_TEAM = 5R2V62Z3AU;
				INFOPLIST_FILE = "Travel ArchitectUITests/Info.plist";
				LD_RUNPATH_SEARCH_PATHS = "$(inherited) @executable_path/Frameworks @loader_path/Frameworks";
				PRODUCT_BUNDLE_IDENTIFIER = "travel-architect.Travel-ArchitectUITests";
				PRODUCT_NAME = "$(TARGET_NAME)";
				SWIFT_VERSION = 4.0;
				TARGETED_DEVICE_FAMILY = "1,2";
				TEST_TARGET_NAME = "Travel Architect";
			};
			name = Debug;
		};
		EB7398731F8DDEAD0003B60D /* Release */ = {
			isa = XCBuildConfiguration;
			baseConfigurationReference = 0D1C9F3759A01A45DA92D05C /* Pods-Travel ArchitectUITests.release.xcconfig */;
			buildSettings = {
				ALWAYS_EMBED_SWIFT_STANDARD_LIBRARIES = YES;
				CODE_SIGN_STYLE = Automatic;
				DEVELOPMENT_TEAM = 5R2V62Z3AU;
				INFOPLIST_FILE = "Travel ArchitectUITests/Info.plist";
				LD_RUNPATH_SEARCH_PATHS = "$(inherited) @executable_path/Frameworks @loader_path/Frameworks";
				PRODUCT_BUNDLE_IDENTIFIER = "travel-architect.Travel-ArchitectUITests";
				PRODUCT_NAME = "$(TARGET_NAME)";
				SWIFT_VERSION = 4.0;
				TARGETED_DEVICE_FAMILY = "1,2";
				TEST_TARGET_NAME = "Travel Architect";
			};
			name = Release;
		};
/* End XCBuildConfiguration section */

/* Begin XCConfigurationList section */
		EB73983B1F8DDEAD0003B60D /* Build configuration list for PBXProject "Travel Architect" */ = {
			isa = XCConfigurationList;
			buildConfigurations = (
				EB7398691F8DDEAD0003B60D /* Debug */,
				EB73986A1F8DDEAD0003B60D /* Release */,
			);
			defaultConfigurationIsVisible = 0;
			defaultConfigurationName = Release;
		};
		EB73986B1F8DDEAD0003B60D /* Build configuration list for PBXNativeTarget "Travel Architect" */ = {
			isa = XCConfigurationList;
			buildConfigurations = (
				EB73986C1F8DDEAD0003B60D /* Debug */,
				EB73986D1F8DDEAD0003B60D /* Release */,
			);
			defaultConfigurationIsVisible = 0;
			defaultConfigurationName = Release;
		};
		EB73986E1F8DDEAD0003B60D /* Build configuration list for PBXNativeTarget "Travel ArchitectTests" */ = {
			isa = XCConfigurationList;
			buildConfigurations = (
				EB73986F1F8DDEAD0003B60D /* Debug */,
				EB7398701F8DDEAD0003B60D /* Release */,
			);
			defaultConfigurationIsVisible = 0;
			defaultConfigurationName = Release;
		};
		EB7398711F8DDEAD0003B60D /* Build configuration list for PBXNativeTarget "Travel ArchitectUITests" */ = {
			isa = XCConfigurationList;
			buildConfigurations = (
				EB7398721F8DDEAD0003B60D /* Debug */,
				EB7398731F8DDEAD0003B60D /* Release */,
			);
			defaultConfigurationIsVisible = 0;
			defaultConfigurationName = Release;
		};
/* End XCConfigurationList section */

/* Begin XCVersionGroup section */
		EB73984A1F8DDEAD0003B60D /* Travel_Architect.xcdatamodeld */ = {
			isa = XCVersionGroup;
			children = (
				EB73984B1F8DDEAD0003B60D /* Travel_Architect.xcdatamodel */,
			);
			currentVersion = EB73984B1F8DDEAD0003B60D /* Travel_Architect.xcdatamodel */;
			path = Travel_Architect.xcdatamodeld;
			sourceTree = "<group>";
			versionGroupType = wrapper.xcdatamodel;
		};
/* End XCVersionGroup section */
	};
	rootObject = EB7398381F8DDEAD0003B60D /* Project object */;
}
